// !$*UTF8*$!
{
	archiveVersion = 1;
	classes = {
	};
	objectVersion = 50;
	objects = {

/* Begin PBXBuildFile section */
		99B124FE2284677600F449E7 /* AppDelegate.swift in Sources */ = {isa = PBXBuildFile; fileRef = 99B124FD2284677600F449E7 /* AppDelegate.swift */; };
		99B125002284677600F449E7 /* ViewController.swift in Sources */ = {isa = PBXBuildFile; fileRef = 99B124FF2284677600F449E7 /* ViewController.swift */; };
		99B125032284677600F449E7 /* Main.storyboard in Resources */ = {isa = PBXBuildFile; fileRef = 99B125012284677600F449E7 /* Main.storyboard */; };
		99B125052284677900F449E7 /* Assets.xcassets in Resources */ = {isa = PBXBuildFile; fileRef = 99B125042284677900F449E7 /* Assets.xcassets */; };
		99B125082284677900F449E7 /* LaunchScreen.storyboard in Resources */ = {isa = PBXBuildFile; fileRef = 99B125062284677900F449E7 /* LaunchScreen.storyboard */; };
		99B1252F2284A4E000F449E7 /* Weather.swift in Sources */ = {isa = PBXBuildFile; fileRef = 99B1252E2284A4E000F449E7 /* Weather.swift */; };
		99B125992287352200F449E7 /* DataLoader.swift in Sources */ = {isa = PBXBuildFile; fileRef = 99B125982287352200F449E7 /* DataLoader.swift */; };
		99B125BB228DB09200F449E7 /* CityListTableViewController.swift in Sources */ = {isa = PBXBuildFile; fileRef = 99B125BA228DB09200F449E7 /* CityListTableViewController.swift */; };
/* End PBXBuildFile section */

/* Begin PBXFileReference section */
		99B124FA2284677600F449E7 /* OpenWeatherMap.app */ = {isa = PBXFileReference; explicitFileType = wrapper.application; includeInIndex = 0; path = OpenWeatherMap.app; sourceTree = BUILT_PRODUCTS_DIR; };
		99B124FD2284677600F449E7 /* AppDelegate.swift */ = {isa = PBXFileReference; lastKnownFileType = sourcecode.swift; path = AppDelegate.swift; sourceTree = "<group>"; };
		99B124FF2284677600F449E7 /* ViewController.swift */ = {isa = PBXFileReference; lastKnownFileType = sourcecode.swift; path = ViewController.swift; sourceTree = "<group>"; };
		99B125022284677600F449E7 /* Base */ = {isa = PBXFileReference; lastKnownFileType = file.storyboard; name = Base; path = Base.lproj/Main.storyboard; sourceTree = "<group>"; };
		99B125042284677900F449E7 /* Assets.xcassets */ = {isa = PBXFileReference; lastKnownFileType = folder.assetcatalog; path = Assets.xcassets; sourceTree = "<group>"; };
		99B125072284677900F449E7 /* Base */ = {isa = PBXFileReference; lastKnownFileType = file.storyboard; name = Base; path = Base.lproj/LaunchScreen.storyboard; sourceTree = "<group>"; };
		99B125092284677900F449E7 /* Info.plist */ = {isa = PBXFileReference; lastKnownFileType = text.plist.xml; path = Info.plist; sourceTree = "<group>"; };
		99B1252E2284A4E000F449E7 /* Weather.swift */ = {isa = PBXFileReference; lastKnownFileType = sourcecode.swift; path = Weather.swift; sourceTree = "<group>"; };
		99B125982287352200F449E7 /* DataLoader.swift */ = {isa = PBXFileReference; lastKnownFileType = sourcecode.swift; path = DataLoader.swift; sourceTree = "<group>"; };
		99B125BA228DB09200F449E7 /* CityListTableViewController.swift */ = {isa = PBXFileReference; lastKnownFileType = sourcecode.swift; path = CityListTableViewController.swift; sourceTree = "<group>"; };
/* End PBXFileReference section */

/* Begin PBXFrameworksBuildPhase section */
		99B124F72284677600F449E7 /* Frameworks */ = {
			isa = PBXFrameworksBuildPhase;
			buildActionMask = 2147483647;
			files = (
			);
			runOnlyForDeploymentPostprocessing = 0;
		};
/* End PBXFrameworksBuildPhase section */

/* Begin PBXGroup section */
		99B124F12284677600F449E7 = {
			isa = PBXGroup;
			children = (
				99B124FC2284677600F449E7 /* OpenWeatherMap */,
				99B124FB2284677600F449E7 /* Products */,
			);
			sourceTree = "<group>";
		};
		99B124FB2284677600F449E7 /* Products */ = {
			isa = PBXGroup;
			children = (
				99B124FA2284677600F449E7 /* OpenWeatherMap.app */,
			);
			name = Products;
			sourceTree = "<group>";
		};
		99B124FC2284677600F449E7 /* OpenWeatherMap */ = {
			isa = PBXGroup;
			children = (
				99B125972287350D00F449E7 /* Networking */,
				99B1252D2284A4C400F449E7 /* Model */,
				99B124FD2284677600F449E7 /* AppDelegate.swift */,
				99B124FF2284677600F449E7 /* ViewController.swift */,
				99B125012284677600F449E7 /* Main.storyboard */,
				99B125BA228DB09200F449E7 /* CityListTableViewController.swift */,
				99B125042284677900F449E7 /* Assets.xcassets */,
				99B125062284677900F449E7 /* LaunchScreen.storyboard */,
				99B125092284677900F449E7 /* Info.plist */,
			);
			path = OpenWeatherMap;
			sourceTree = "<group>";
		};
		99B1252D2284A4C400F449E7 /* Model */ = {
			isa = PBXGroup;
			children = (
				99B1252E2284A4E000F449E7 /* Weather.swift */,
			);
			path = Model;
			sourceTree = "<group>";
		};
		99B125972287350D00F449E7 /* Networking */ = {
			isa = PBXGroup;
			children = (
				99B125982287352200F449E7 /* DataLoader.swift */,
			);
			path = Networking;
			sourceTree = "<group>";
		};
/* End PBXGroup section */

/* Begin PBXNativeTarget section */
		99B124F92284677600F449E7 /* OpenWeatherMap */ = {
			isa = PBXNativeTarget;
			buildConfigurationList = 99B1250C2284677900F449E7 /* Build configuration list for PBXNativeTarget "OpenWeatherMap" */;
			buildPhases = (
				99B124F62284677600F449E7 /* Sources */,
				99B124F72284677600F449E7 /* Frameworks */,
				99B124F82284677600F449E7 /* Resources */,
			);
			buildRules = (
			);
			dependencies = (
			);
			name = OpenWeatherMap;
			productName = OpenWeatherMap;
			productReference = 99B124FA2284677600F449E7 /* OpenWeatherMap.app */;
			productType = "com.apple.product-type.application";
		};
/* End PBXNativeTarget section */

/* Begin PBXProject section */
		99B124F22284677600F449E7 /* Project object */ = {
			isa = PBXProject;
			attributes = {
				LastSwiftUpdateCheck = 1020;
				LastUpgradeCheck = 1020;
				ORGANIZATIONNAME = Alevtina;
				TargetAttributes = {
					99B124F92284677600F449E7 = {
						CreatedOnToolsVersion = 10.2.1;
					};
				};
			};
			buildConfigurationList = 99B124F52284677600F449E7 /* Build configuration list for PBXProject "OpenWeatherMap" */;
			compatibilityVersion = "Xcode 9.3";
			developmentRegion = en;
			hasScannedForEncodings = 0;
			knownRegions = (
				en,
				Base,
			);
			mainGroup = 99B124F12284677600F449E7;
			productRefGroup = 99B124FB2284677600F449E7 /* Products */;
			projectDirPath = "";
			projectRoot = "";
			targets = (
				99B124F92284677600F449E7 /* OpenWeatherMap */,
			);
		};
/* End PBXProject section */

/* Begin PBXResourcesBuildPhase section */
		99B124F82284677600F449E7 /* Resources */ = {
			isa = PBXResourcesBuildPhase;
			buildActionMask = 2147483647;
			files = (
				99B125082284677900F449E7 /* LaunchScreen.storyboard in Resources */,
				99B125052284677900F449E7 /* Assets.xcassets in Resources */,
				99B125032284677600F449E7 /* Main.storyboard in Resources */,
			);
			runOnlyForDeploymentPostprocessing = 0;
		};
/* End PBXResourcesBuildPhase section */

/* Begin PBXSourcesBuildPhase section */
		99B124F62284677600F449E7 /* Sources */ = {
			isa = PBXSourcesBuildPhase;
			buildActionMask = 2147483647;
			files = (
				99B125992287352200F449E7 /* DataLoader.swift in Sources */,
				99B125002284677600F449E7 /* ViewController.swift in Sources */,
				99B1252F2284A4E000F449E7 /* Weather.swift in Sources */,
				99B125BB228DB09200F449E7 /* CityListTableViewController.swift in Sources */,
				99B124FE2284677600F449E7 /* AppDelegate.swift in Sources */,
			);
			runOnlyForDeploymentPostprocessing = 0;
		};
/* End PBXSourcesBuildPhase section */

/* Begin PBXVariantGroup section */
		99B125012284677600F449E7 /* Main.storyboard */ = {
			isa = PBXVariantGroup;
			children = (
				99B125022284677600F449E7 /* Base */,
			);
			name = Main.storyboard;
			sourceTree = "<group>";
		};
		99B125062284677900F449E7 /* LaunchScreen.storyboard */ = {
			isa = PBXVariantGroup;
			children = (
				99B125072284677900F449E7 /* Base */,
			);
			name = LaunchScreen.storyboard;
			sourceTree = "<group>";
		};
/* End PBXVariantGroup section */

/* Begin XCBuildConfiguration section */
		99B1250A2284677900F449E7 /* Debug */ = {
			isa = XCBuildConfiguration;
			buildSettings = {
				ALWAYS_SEARCH_USER_PATHS = NO;
				CLANG_ANALYZER_NONNULL = YES;
				CLANG_ANALYZER_NUMBER_OBJECT_CONVERSION = YES_AGGRESSIVE;
				CLANG_CXX_LANGUAGE_STANDARD = "gnu++14";
				CLANG_CXX_LIBRARY = "libc++";
				CLANG_ENABLE_MODULES = YES;
				CLANG_ENABLE_OBJC_ARC = YES;
				CLANG_ENABLE_OBJC_WEAK = YES;
				CLANG_WARN_BLOCK_CAPTURE_AUTORELEASING = YES;
				CLANG_WARN_BOOL_CONVERSION = YES;
				CLANG_WARN_COMMA = YES;
				CLANG_WARN_CONSTANT_CONVERSION = YES;
				CLANG_WARN_DEPRECATED_OBJC_IMPLEMENTATIONS = YES;
				CLANG_WARN_DIRECT_OBJC_ISA_USAGE = YES_ERROR;
				CLANG_WARN_DOCUMENTATION_COMMENTS = YES;
				CLANG_WARN_EMPTY_BODY = YES;
				CLANG_WARN_ENUM_CONVERSION = YES;
				CLANG_WARN_INFINITE_RECURSION = YES;
				CLANG_WARN_INT_CONVERSION = YES;
				CLANG_WARN_NON_LITERAL_NULL_CONVERSION = YES;
				CLANG_WARN_OBJC_IMPLICIT_RETAIN_SELF = YES;
				CLANG_WARN_OBJC_LITERAL_CONVERSION = YES;
				CLANG_WARN_OBJC_ROOT_CLASS = YES_ERROR;
				CLANG_WARN_RANGE_LOOP_ANALYSIS = YES;
				CLANG_WARN_STRICT_PROTOTYPES = YES;
				CLANG_WARN_SUSPICIOUS_MOVE = YES;
				CLANG_WARN_UNGUARDED_AVAILABILITY = YES_AGGRESSIVE;
				CLANG_WARN_UNREACHABLE_CODE = YES;
				CLANG_WARN__DUPLICATE_METHOD_MATCH = YES;
				CODE_SIGN_IDENTITY = "iPhone Developer";
				COPY_PHASE_STRIP = NO;
				DEBUG_INFORMATION_FORMAT = dwarf;
				ENABLE_STRICT_OBJC_MSGSEND = YES;
				ENABLE_TESTABILITY = YES;
				GCC_C_LANGUAGE_STANDARD = gnu11;
				GCC_DYNAMIC_NO_PIC = NO;
				GCC_NO_COMMON_BLOCKS = YES;
				GCC_OPTIMIZATION_LEVEL = 0;
				GCC_PREPROCESSOR_DEFINITIONS = (
					"DEBUG=1",
					"$(inherited)",
				);
				GCC_WARN_64_TO_32_BIT_CONVERSION = YES;
				GCC_WARN_ABOUT_RETURN_TYPE = YES_ERROR;
				GCC_WARN_UNDECLARED_SELECTOR = YES;
				GCC_WARN_UNINITIALIZED_AUTOS = YES_AGGRESSIVE;
				GCC_WARN_UNUSED_FUNCTION = YES;
				GCC_WARN_UNUSED_VARIABLE = YES;
				IPHONEOS_DEPLOYMENT_TARGET = 12.2;
				MTL_ENABLE_DEBUG_INFO = INCLUDE_SOURCE;
				MTL_FAST_MATH = YES;
				ONLY_ACTIVE_ARCH = YES;
				SDKROOT = iphoneos;
				SWIFT_ACTIVE_COMPILATION_CONDITIONS = DEBUG;
				SWIFT_OPTIMIZATION_LEVEL = "-Onone";
			};
			name = Debug;
		};
		99B1250B2284677900F449E7 /* Release */ = {
			isa = XCBuildConfiguration;
			buildSettings = {
				ALWAYS_SEARCH_USER_PATHS = NO;
				CLANG_ANALYZER_NONNULL = YES;
				CLANG_ANALYZER_NUMBER_OBJECT_CONVERSION = YES_AGGRESSIVE;
				CLANG_CXX_LANGUAGE_STANDARD = "gnu++14";
				CLANG_CXX_LIBRARY = "libc++";
				CLANG_ENABLE_MODULES = YES;
				CLANG_ENABLE_OBJC_ARC = YES;
				CLANG_ENABLE_OBJC_WEAK = YES;
				CLANG_WARN_BLOCK_CAPTURE_AUTORELEASING = YES;
				CLANG_WARN_BOOL_CONVERSION = YES;
				CLANG_WARN_COMMA = YES;
				CLANG_WARN_CONSTANT_CONVERSION = YES;
				CLANG_WARN_DEPRECATED_OBJC_IMPLEMENTATIONS = YES;
				CLANG_WARN_DIRECT_OBJC_ISA_USAGE = YES_ERROR;
				CLANG_WARN_DOCUMENTATION_COMMENTS = YES;
				CLANG_WARN_EMPTY_BODY = YES;
				CLANG_WARN_ENUM_CONVERSION = YES;
				CLANG_WARN_INFINITE_RECURSION = YES;
				CLANG_WARN_INT_CONVERSION = YES;
				CLANG_WARN_NON_LITERAL_NULL_CONVERSION = YES;
				CLANG_WARN_OBJC_IMPLICIT_RETAIN_SELF = YES;
				CLANG_WARN_OBJC_LITERAL_CONVERSION = YES;
				CLANG_WARN_OBJC_ROOT_CLASS = YES_ERROR;
				CLANG_WARN_RANGE_LOOP_ANALYSIS = YES;
				CLANG_WARN_STRICT_PROTOTYPES = YES;
				CLANG_WARN_SUSPICIOUS_MOVE = YES;
				CLANG_WARN_UNGUARDED_AVAILABILITY = YES_AGGRESSIVE;
				CLANG_WARN_UNREACHABLE_CODE = YES;
				CLANG_WARN__DUPLICATE_METHOD_MATCH = YES;
				CODE_SIGN_IDENTITY = "iPhone Developer";
				COPY_PHASE_STRIP = NO;
				DEBUG_INFORMATION_FORMAT = "dwarf-with-dsym";
				ENABLE_NS_ASSERTIONS = NO;
				ENABLE_STRICT_OBJC_MSGSEND = YES;
				GCC_C_LANGUAGE_STANDARD = gnu11;
				GCC_NO_COMMON_BLOCKS = YES;
				GCC_WARN_64_TO_32_BIT_CONVERSION = YES;
				GCC_WARN_ABOUT_RETURN_TYPE = YES_ERROR;
				GCC_WARN_UNDECLARED_SELECTOR = YES;
				GCC_WARN_UNINITIALIZED_AUTOS = YES_AGGRESSIVE;
				GCC_WARN_UNUSED_FUNCTION = YES;
				GCC_WARN_UNUSED_VARIABLE = YES;
				IPHONEOS_DEPLOYMENT_TARGET = 12.2;
				MTL_ENABLE_DEBUG_INFO = NO;
				MTL_FAST_MATH = YES;
				SDKROOT = iphoneos;
				SWIFT_COMPILATION_MODE = wholemodule;
				SWIFT_OPTIMIZATION_LEVEL = "-O";
				VALIDATE_PRODUCT = YES;
			};
			name = Release;
		};
		99B1250D2284677900F449E7 /* Debug */ = {
			isa = XCBuildConfiguration;
			buildSettings = {
				ASSETCATALOG_COMPILER_APPICON_NAME = AppIcon;
				CODE_SIGN_STYLE = Automatic;
				DEVELOPMENT_TEAM = 9F7853B85Y;
				INFOPLIST_FILE = OpenWeatherMap/Info.plist;
				LD_RUNPATH_SEARCH_PATHS = (
					"$(inherited)",
					"@executable_path/Frameworks",
				);
				PRODUCT_BUNDLE_IDENTIFIER = alevtina.OpenWeatherMap;
				PRODUCT_NAME = "$(TARGET_NAME)";
				SWIFT_VERSION = 5.0;
				TARGETED_DEVICE_FAMILY = "1,2";
			};
			name = Debug;
		};
		99B1250E2284677900F449E7 /* Release */ = {
			isa = XCBuildConfiguration;
			buildSettings = {
				ASSETCATALOG_COMPILER_APPICON_NAME = AppIcon;
				CODE_SIGN_STYLE = Automatic;
				DEVELOPMENT_TEAM = 9F7853B85Y;
				INFOPLIST_FILE = OpenWeatherMap/Info.plist;
				LD_RUNPATH_SEARCH_PATHS = (
					"$(inherited)",
					"@executable_path/Frameworks",
				);
				PRODUCT_BUNDLE_IDENTIFIER = alevtina.OpenWeatherMap;
				PRODUCT_NAME = "$(TARGET_NAME)";
				SWIFT_VERSION = 5.0;
				TARGETED_DEVICE_FAMILY = "1,2";
			};
			name = Release;
		};
/* End XCBuildConfiguration section */

/* Begin XCConfigurationList section */
		99B124F52284677600F449E7 /* Build configuration list for PBXProject "OpenWeatherMap" */ = {
			isa = XCConfigurationList;
			buildConfigurations = (
				99B1250A2284677900F449E7 /* Debug */,
				99B1250B2284677900F449E7 /* Release */,
			);
			defaultConfigurationIsVisible = 0;
			defaultConfigurationName = Release;
		};
		99B1250C2284677900F449E7 /* Build configuration list for PBXNativeTarget "OpenWeatherMap" */ = {
			isa = XCConfigurationList;
			buildConfigurations = (
				99B1250D2284677900F449E7 /* Debug */,
				99B1250E2284677900F449E7 /* Release */,
			);
			defaultConfigurationIsVisible = 0;
			defaultConfigurationName = Release;
		};
/* End XCConfigurationList section */
	};
	rootObject = 99B124F22284677600F449E7 /* Project object */;
}
